
Microsoft Visual Studio Solution File, Format Version 12.00
# Visual Studio 15
VisualStudioVersion = 15.0.27428.2002
MinimumVisualStudioVersion = 10.0.40219.1
Project("{9A19103F-16F7-4668-BE54-9A1E7A4F7556}") = "MyCore", "MyCore\MyCore.csproj", "{541DC0AA-38AC-4F13-A015-F4B65D9E6ACA}"
EndProject
Project("{9A19103F-16F7-4668-BE54-9A1E7A4F7556}") = "MyCoreDAL", "MyCoreDAL\MyCoreDAL.csproj", "{C2C55F0E-AE57-4315-A8AD-31B1D4BF721C}"
EndProject
Project("{9A19103F-16F7-4668-BE54-9A1E7A4F7556}") = "MyCoreBLL", "MyCoreBLL\MyCoreBLL.csproj", "{860242B3-9189-4287-BF06-1511D7CFDE8F}"
EndProject
Project("{9A19103F-16F7-4668-BE54-9A1E7A4F7556}") = "XUnitTestCore", "XUnitTestCore\XUnitTestCore.csproj", "{C949D957-A45B-49C0-A1EE-F14890E34099}"
EndProject
Project("{E53339B2-1760-4266-BCC7-CA923CBCF16C}") = "docker-compose", "docker-compose.dcproj", "{F40A5E3A-4EAB-44D9-BE86-E5D973A47575}"
EndProject
Global
	GlobalSection(SolutionConfigurationPlatforms) = preSolution
		Debug|Any CPU = Debug|Any CPU
		Release|Any CPU = Release|Any CPU
	EndGlobalSection
	GlobalSection(ProjectConfigurationPlatforms) = postSolution
		{541DC0AA-38AC-4F13-A015-F4B65D9E6ACA}.Debug|Any CPU.ActiveCfg = Debug|Any CPU
		{541DC0AA-38AC-4F13-A015-F4B65D9E6ACA}.Debug|Any CPU.Build.0 = Debug|Any CPU
		{541DC0AA-38AC-4F13-A015-F4B65D9E6ACA}.Release|Any CPU.ActiveCfg = Release|Any CPU
		{541DC0AA-38AC-4F13-A015-F4B65D9E6ACA}.Release|Any CPU.Build.0 = Release|Any CPU
		{C2C55F0E-AE57-4315-A8AD-31B1D4BF721C}.Debug|Any CPU.ActiveCfg = Debug|Any CPU
		{C2C55F0E-AE57-4315-A8AD-31B1D4BF721C}.Debug|Any CPU.Build.0 = Debug|Any CPU
		{C2C55F0E-AE57-4315-A8AD-31B1D4BF721C}.Release|Any CPU.ActiveCfg = Release|Any CPU
		{C2C55F0E-AE57-4315-A8AD-31B1D4BF721C}.Release|Any CPU.Build.0 = Release|Any CPU
		{860242B3-9189-4287-BF06-1511D7CFDE8F}.Debug|Any CPU.ActiveCfg = Debug|Any CPU
		{860242B3-9189-4287-BF06-1511D7CFDE8F}.Debug|Any CPU.Build.0 = Debug|Any CPU
		{860242B3-9189-4287-BF06-1511D7CFDE8F}.Release|Any CPU.ActiveCfg = Release|Any CPU
		{860242B3-9189-4287-BF06-1511D7CFDE8F}.Release|Any CPU.Build.0 = Release|Any CPU
		{C949D957-A45B-49C0-A1EE-F14890E34099}.Debug|Any CPU.ActiveCfg = Debug|Any CPU
		{C949D957-A45B-49C0-A1EE-F14890E34099}.Debug|Any CPU.Build.0 = Debug|Any CPU
		{C949D957-A45B-49C0-A1EE-F14890E34099}.Release|Any CPU.ActiveCfg = Release|Any CPU
		{C949D957-A45B-49C0-A1EE-F14890E34099}.Release|Any CPU.Build.0 = Release|Any CPU
		{F40A5E3A-4EAB-44D9-BE86-E5D973A47575}.Debug|Any CPU.ActiveCfg = Debug|Any CPU
		{F40A5E3A-4EAB-44D9-BE86-E5D973A47575}.Debug|Any CPU.Build.0 = Debug|Any CPU
		{F40A5E3A-4EAB-44D9-BE86-E5D973A47575}.Release|Any CPU.ActiveCfg = Release|Any CPU
		{F40A5E3A-4EAB-44D9-BE86-E5D973A47575}.Release|Any CPU.Build.0 = Release|Any CPU
	EndGlobalSection
	GlobalSection(SolutionProperties) = preSolution
		HideSolutionNode = FALSE
	EndGlobalSection
	GlobalSection(ExtensibilityGlobals) = postSolution
		SolutionGuid = {581E2856-A62D-4DAE-9878-6C8EDEE55D71}
	EndGlobalSection
EndGlobal
